
Microsoft Visual Studio Solution File, Format Version 12.00
# Visual Studio Version 16
VisualStudioVersion = 16.0.29613.14
MinimumVisualStudioVersion = 10.0.40219.1
Project("{8BC9CEB8-8B4A-11D0-8D11-00A0C91BC942}") = "Observer_Pattern", "Observer_Pattern\Observer_Pattern.vcxproj", "{17F89A58-CF71-4334-9D35-B039AFE33079}"
EndProject
Global
	GlobalSection(SolutionConfigurationPlatforms) = preSolution
		Debug|x64 = Debug|x64
		Debug|x86 = Debug|x86
		Release|x64 = Release|x64
		Release|x86 = Release|x86
	EndGlobalSection
	GlobalSection(ProjectConfigurationPlatforms) = postSolution
		{17F89A58-CF71-4334-9D35-B039AFE33079}.Debug|x64.ActiveCfg = Debug|x64
		{17F89A58-CF71-4334-9D35-B039AFE33079}.Debug|x64.Build.0 = Debug|x64
		{17F89A58-CF71-4334-9D35-B039AFE33079}.Debug|x86.ActiveCfg = Debug|Win32
		{17F89A58-CF71-4334-9D35-B039AFE33079}.Debug|x86.Build.0 = Debug|Win32
		{17F89A58-CF71-4334-9D35-B039AFE33079}.Release|x64.ActiveCfg = Release|x64
		{17F89A58-CF71-4334-9D35-B039AFE33079}.Release|x64.Build.0 = Release|x64
		{17F89A58-CF71-4334-9D35-B039AFE33079}.Release|x86.ActiveCfg = Release|Win32
		{17F89A58-CF71-4334-9D35-B039AFE33079}.Release|x86.Build.0 = Release|Win32
	EndGlobalSection
	GlobalSection(SolutionProperties) = preSolution
		HideSolutionNode = FALSE
	EndGlobalSection
	GlobalSection(ExtensibilityGlobals) = postSolution
		SolutionGuid = {E31E0449-CE6A-4CED-8C3A-AF0A77E45CD6}
	EndGlobalSection
EndGlobal
